// !$*UTF8*$!
{
	archiveVersion = 1;
	classes = {
	};
	objectVersion = 50;
	objects = {

/* Begin PBXBuildFile section */
		669731C024852F6900520067 /* AppDelegate.swift in Sources */ = {isa = PBXBuildFile; fileRef = 669731BF24852F6900520067 /* AppDelegate.swift */; };
		669731C224852F6900520067 /* SceneDelegate.swift in Sources */ = {isa = PBXBuildFile; fileRef = 669731C124852F6900520067 /* SceneDelegate.swift */; };
		669731C424852F6900520067 /* ViewController.swift in Sources */ = {isa = PBXBuildFile; fileRef = 669731C324852F6900520067 /* ViewController.swift */; };
		669731C724852F6900520067 /* Main.storyboard in Resources */ = {isa = PBXBuildFile; fileRef = 669731C524852F6900520067 /* Main.storyboard */; };
		669731C924852F6A00520067 /* Assets.xcassets in Resources */ = {isa = PBXBuildFile; fileRef = 669731C824852F6A00520067 /* Assets.xcassets */; };
		669731CC24852F6A00520067 /* LaunchScreen.storyboard in Resources */ = {isa = PBXBuildFile; fileRef = 669731CA24852F6A00520067 /* LaunchScreen.storyboard */; };
		669731D724852F6A00520067 /* BFerTests.swift in Sources */ = {isa = PBXBuildFile; fileRef = 669731D624852F6A00520067 /* BFerTests.swift */; };
		669731E224852F6A00520067 /* BFerUITests.swift in Sources */ = {isa = PBXBuildFile; fileRef = 669731E124852F6A00520067 /* BFerUITests.swift */; };
		669731F024852FE800520067 /* Extensions.swift in Sources */ = {isa = PBXBuildFile; fileRef = 669731EF24852FE800520067 /* Extensions.swift */; };
		669731F42485302A00520067 /* KeyboardLayoutView.swift in Sources */ = {isa = PBXBuildFile; fileRef = 669731F22485302A00520067 /* KeyboardLayoutView.swift */; };
		669731F52485302A00520067 /* KeyboardLayoutView.xib in Resources */ = {isa = PBXBuildFile; fileRef = 669731F32485302A00520067 /* KeyboardLayoutView.xib */; };
		669731FD248530DD00520067 /* KeyboardViewController.swift in Sources */ = {isa = PBXBuildFile; fileRef = 669731FC248530DD00520067 /* KeyboardViewController.swift */; };
		66973201248530DD00520067 /* Keyboard.appex in Embed App Extensions */ = {isa = PBXBuildFile; fileRef = 669731FA248530DD00520067 /* Keyboard.appex */; settings = {ATTRIBUTES = (RemoveHeadersOnCopy, ); }; };
		66973206248531CF00520067 /* KeyboardLayoutView.swift in Sources */ = {isa = PBXBuildFile; fileRef = 669731F22485302A00520067 /* KeyboardLayoutView.swift */; };
		66973207248531D300520067 /* KeyboardLayoutView.xib in Resources */ = {isa = PBXBuildFile; fileRef = 669731F32485302A00520067 /* KeyboardLayoutView.xib */; };
		66973208248531D700520067 /* Extensions.swift in Sources */ = {isa = PBXBuildFile; fileRef = 669731EF24852FE800520067 /* Extensions.swift */; };
		6697320924853A9900520067 /* Assets.xcassets in Resources */ = {isa = PBXBuildFile; fileRef = 669731C824852F6A00520067 /* Assets.xcassets */; };
/* End PBXBuildFile section */

/* Begin PBXContainerItemProxy section */
		669731D324852F6A00520067 /* PBXContainerItemProxy */ = {
			isa = PBXContainerItemProxy;
			containerPortal = 669731B424852F6900520067 /* Project object */;
			proxyType = 1;
			remoteGlobalIDString = 669731BB24852F6900520067;
			remoteInfo = BFer;
		};
		669731DE24852F6A00520067 /* PBXContainerItemProxy */ = {
			isa = PBXContainerItemProxy;
			containerPortal = 669731B424852F6900520067 /* Project object */;
			proxyType = 1;
			remoteGlobalIDString = 669731BB24852F6900520067;
			remoteInfo = BFer;
		};
		669731FF248530DD00520067 /* PBXContainerItemProxy */ = {
			isa = PBXContainerItemProxy;
			containerPortal = 669731B424852F6900520067 /* Project object */;
			proxyType = 1;
			remoteGlobalIDString = 669731F9248530DD00520067;
			remoteInfo = Keyboard;
		};
/* End PBXContainerItemProxy section */

/* Begin PBXCopyFilesBuildPhase section */
		66973205248530DE00520067 /* Embed App Extensions */ = {
			isa = PBXCopyFilesBuildPhase;
			buildActionMask = 2147483647;
			dstPath = "";
			dstSubfolderSpec = 13;
			files = (
				66973201248530DD00520067 /* Keyboard.appex in Embed App Extensions */,
			);
			name = "Embed App Extensions";
			runOnlyForDeploymentPostprocessing = 0;
		};
/* End PBXCopyFilesBuildPhase section */

/* Begin PBXFileReference section */
		669731BC24852F6900520067 /* BFer.app */ = {isa = PBXFileReference; explicitFileType = wrapper.application; includeInIndex = 0; path = BFer.app; sourceTree = BUILT_PRODUCTS_DIR; };
		669731BF24852F6900520067 /* AppDelegate.swift */ = {isa = PBXFileReference; lastKnownFileType = sourcecode.swift; path = AppDelegate.swift; sourceTree = "<group>"; };
		669731C124852F6900520067 /* SceneDelegate.swift */ = {isa = PBXFileReference; lastKnownFileType = sourcecode.swift; path = SceneDelegate.swift; sourceTree = "<group>"; };
		669731C324852F6900520067 /* ViewController.swift */ = {isa = PBXFileReference; lastKnownFileType = sourcecode.swift; path = ViewController.swift; sourceTree = "<group>"; };
		669731C624852F6900520067 /* Base */ = {isa = PBXFileReference; lastKnownFileType = file.storyboard; name = Base; path = Base.lproj/Main.storyboard; sourceTree = "<group>"; };
		669731C824852F6A00520067 /* Assets.xcassets */ = {isa = PBXFileReference; lastKnownFileType = folder.assetcatalog; path = Assets.xcassets; sourceTree = "<group>"; };
		669731CB24852F6A00520067 /* Base */ = {isa = PBXFileReference; lastKnownFileType = file.storyboard; name = Base; path = Base.lproj/LaunchScreen.storyboard; sourceTree = "<group>"; };
		669731CD24852F6A00520067 /* Info.plist */ = {isa = PBXFileReference; lastKnownFileType = text.plist.xml; path = Info.plist; sourceTree = "<group>"; };
		669731D224852F6A00520067 /* BFerTests.xctest */ = {isa = PBXFileReference; explicitFileType = wrapper.cfbundle; includeInIndex = 0; path = BFerTests.xctest; sourceTree = BUILT_PRODUCTS_DIR; };
		669731D624852F6A00520067 /* BFerTests.swift */ = {isa = PBXFileReference; lastKnownFileType = sourcecode.swift; path = BFerTests.swift; sourceTree = "<group>"; };
		669731D824852F6A00520067 /* Info.plist */ = {isa = PBXFileReference; lastKnownFileType = text.plist.xml; path = Info.plist; sourceTree = "<group>"; };
		669731DD24852F6A00520067 /* BFerUITests.xctest */ = {isa = PBXFileReference; explicitFileType = wrapper.cfbundle; includeInIndex = 0; path = BFerUITests.xctest; sourceTree = BUILT_PRODUCTS_DIR; };
		669731E124852F6A00520067 /* BFerUITests.swift */ = {isa = PBXFileReference; lastKnownFileType = sourcecode.swift; path = BFerUITests.swift; sourceTree = "<group>"; };
		669731E324852F6A00520067 /* Info.plist */ = {isa = PBXFileReference; lastKnownFileType = text.plist.xml; path = Info.plist; sourceTree = "<group>"; };
		669731EF24852FE800520067 /* Extensions.swift */ = {isa = PBXFileReference; lastKnownFileType = sourcecode.swift; path = Extensions.swift; sourceTree = "<group>"; };
		669731F22485302A00520067 /* KeyboardLayoutView.swift */ = {isa = PBXFileReference; fileEncoding = 4; lastKnownFileType = sourcecode.swift; path = KeyboardLayoutView.swift; sourceTree = "<group>"; };
		669731F32485302A00520067 /* KeyboardLayoutView.xib */ = {isa = PBXFileReference; fileEncoding = 4; lastKnownFileType = file.xib; path = KeyboardLayoutView.xib; sourceTree = "<group>"; };
		669731FA248530DD00520067 /* Keyboard.appex */ = {isa = PBXFileReference; explicitFileType = "wrapper.app-extension"; includeInIndex = 0; path = Keyboard.appex; sourceTree = BUILT_PRODUCTS_DIR; };
		669731FC248530DD00520067 /* KeyboardViewController.swift */ = {isa = PBXFileReference; lastKnownFileType = sourcecode.swift; path = KeyboardViewController.swift; sourceTree = "<group>"; };
		669731FE248530DD00520067 /* Info.plist */ = {isa = PBXFileReference; lastKnownFileType = text.plist.xml; path = Info.plist; sourceTree = "<group>"; };
		6697320A24853AD100520067 /* BFer.entitlements */ = {isa = PBXFileReference; lastKnownFileType = text.plist.entitlements; path = BFer.entitlements; sourceTree = "<group>"; };
/* End PBXFileReference section */

/* Begin PBXFrameworksBuildPhase section */
		669731B924852F6900520067 /* Frameworks */ = {
			isa = PBXFrameworksBuildPhase;
			buildActionMask = 2147483647;
			files = (
			);
			runOnlyForDeploymentPostprocessing = 0;
		};
		669731CF24852F6A00520067 /* Frameworks */ = {
			isa = PBXFrameworksBuildPhase;
			buildActionMask = 2147483647;
			files = (
			);
			runOnlyForDeploymentPostprocessing = 0;
		};
		669731DA24852F6A00520067 /* Frameworks */ = {
			isa = PBXFrameworksBuildPhase;
			buildActionMask = 2147483647;
			files = (
			);
			runOnlyForDeploymentPostprocessing = 0;
		};
		669731F7248530DD00520067 /* Frameworks */ = {
			isa = PBXFrameworksBuildPhase;
			buildActionMask = 2147483647;
			files = (
			);
			runOnlyForDeploymentPostprocessing = 0;
		};
/* End PBXFrameworksBuildPhase section */

/* Begin PBXGroup section */
		669731B324852F6900520067 = {
			isa = PBXGroup;
			children = (
				669731BE24852F6900520067 /* BFer */,
				669731D524852F6A00520067 /* BFerTests */,
				669731E024852F6A00520067 /* BFerUITests */,
				669731FB248530DD00520067 /* Keyboard */,
				669731BD24852F6900520067 /* Products */,
			);
			sourceTree = "<group>";
		};
		669731BD24852F6900520067 /* Products */ = {
			isa = PBXGroup;
			children = (
				669731BC24852F6900520067 /* BFer.app */,
				669731D224852F6A00520067 /* BFerTests.xctest */,
				669731DD24852F6A00520067 /* BFerUITests.xctest */,
				669731FA248530DD00520067 /* Keyboard.appex */,
			);
			name = Products;
			sourceTree = "<group>";
		};
		669731BE24852F6900520067 /* BFer */ = {
			isa = PBXGroup;
			children = (
				6697320A24853AD100520067 /* BFer.entitlements */,
				669731BF24852F6900520067 /* AppDelegate.swift */,
				669731C124852F6900520067 /* SceneDelegate.swift */,
				669731C324852F6900520067 /* ViewController.swift */,
				669731C524852F6900520067 /* Main.storyboard */,
				669731EF24852FE800520067 /* Extensions.swift */,
				669731F12485302A00520067 /* Views */,
				669731C824852F6A00520067 /* Assets.xcassets */,
				669731CA24852F6A00520067 /* LaunchScreen.storyboard */,
				669731CD24852F6A00520067 /* Info.plist */,
			);
			path = BFer;
			sourceTree = "<group>";
		};
		669731D524852F6A00520067 /* BFerTests */ = {
			isa = PBXGroup;
			children = (
				669731D624852F6A00520067 /* BFerTests.swift */,
				669731D824852F6A00520067 /* Info.plist */,
			);
			path = BFerTests;
			sourceTree = "<group>";
		};
		669731E024852F6A00520067 /* BFerUITests */ = {
			isa = PBXGroup;
			children = (
				669731E124852F6A00520067 /* BFerUITests.swift */,
				669731E324852F6A00520067 /* Info.plist */,
			);
			path = BFerUITests;
			sourceTree = "<group>";
		};
		669731F12485302A00520067 /* Views */ = {
			isa = PBXGroup;
			children = (
				669731F22485302A00520067 /* KeyboardLayoutView.swift */,
				669731F32485302A00520067 /* KeyboardLayoutView.xib */,
			);
			path = Views;
			sourceTree = "<group>";
		};
		669731FB248530DD00520067 /* Keyboard */ = {
			isa = PBXGroup;
			children = (
				669731FC248530DD00520067 /* KeyboardViewController.swift */,
				669731FE248530DD00520067 /* Info.plist */,
			);
			path = Keyboard;
			sourceTree = "<group>";
		};
/* End PBXGroup section */

/* Begin PBXNativeTarget section */
		669731BB24852F6900520067 /* BFer */ = {
			isa = PBXNativeTarget;
			buildConfigurationList = 669731E624852F6B00520067 /* Build configuration list for PBXNativeTarget "BFer" */;
			buildPhases = (
				669731B824852F6900520067 /* Sources */,
				669731B924852F6900520067 /* Frameworks */,
				669731BA24852F6900520067 /* Resources */,
				66973205248530DE00520067 /* Embed App Extensions */,
			);
			buildRules = (
			);
			dependencies = (
				66973200248530DD00520067 /* PBXTargetDependency */,
			);
			name = BFer;
			productName = BFer;
			productReference = 669731BC24852F6900520067 /* BFer.app */;
			productType = "com.apple.product-type.application";
		};
		669731D124852F6A00520067 /* BFerTests */ = {
			isa = PBXNativeTarget;
			buildConfigurationList = 669731E924852F6B00520067 /* Build configuration list for PBXNativeTarget "BFerTests" */;
			buildPhases = (
				669731CE24852F6A00520067 /* Sources */,
				669731CF24852F6A00520067 /* Frameworks */,
				669731D024852F6A00520067 /* Resources */,
			);
			buildRules = (
			);
			dependencies = (
				669731D424852F6A00520067 /* PBXTargetDependency */,
			);
			name = BFerTests;
			productName = BFerTests;
			productReference = 669731D224852F6A00520067 /* BFerTests.xctest */;
			productType = "com.apple.product-type.bundle.unit-test";
		};
		669731DC24852F6A00520067 /* BFerUITests */ = {
			isa = PBXNativeTarget;
			buildConfigurationList = 669731EC24852F6B00520067 /* Build configuration list for PBXNativeTarget "BFerUITests" */;
			buildPhases = (
				669731D924852F6A00520067 /* Sources */,
				669731DA24852F6A00520067 /* Frameworks */,
				669731DB24852F6A00520067 /* Resources */,
			);
			buildRules = (
			);
			dependencies = (
				669731DF24852F6A00520067 /* PBXTargetDependency */,
			);
			name = BFerUITests;
			productName = BFerUITests;
			productReference = 669731DD24852F6A00520067 /* BFerUITests.xctest */;
			productType = "com.apple.product-type.bundle.ui-testing";
		};
		669731F9248530DD00520067 /* Keyboard */ = {
			isa = PBXNativeTarget;
			buildConfigurationList = 66973202248530DE00520067 /* Build configuration list for PBXNativeTarget "Keyboard" */;
			buildPhases = (
				669731F6248530DD00520067 /* Sources */,
				669731F7248530DD00520067 /* Frameworks */,
				669731F8248530DD00520067 /* Resources */,
			);
			buildRules = (
			);
			dependencies = (
			);
			name = Keyboard;
			productName = Keyboard;
			productReference = 669731FA248530DD00520067 /* Keyboard.appex */;
			productType = "com.apple.product-type.app-extension";
		};
/* End PBXNativeTarget section */

/* Begin PBXProject section */
		669731B424852F6900520067 /* Project object */ = {
			isa = PBXProject;
			attributes = {
				LastSwiftUpdateCheck = 1140;
				LastUpgradeCheck = 1140;
				ORGANIZATIONNAME = "Eita Yamaguchi";
				TargetAttributes = {
					669731BB24852F6900520067 = {
						CreatedOnToolsVersion = 11.4;
					};
					669731D124852F6A00520067 = {
						CreatedOnToolsVersion = 11.4;
						TestTargetID = 669731BB24852F6900520067;
					};
					669731DC24852F6A00520067 = {
						CreatedOnToolsVersion = 11.4;
						TestTargetID = 669731BB24852F6900520067;
					};
					669731F9248530DD00520067 = {
						CreatedOnToolsVersion = 11.4;
					};
				};
			};
			buildConfigurationList = 669731B724852F6900520067 /* Build configuration list for PBXProject "BFer" */;
			compatibilityVersion = "Xcode 9.3";
			developmentRegion = en;
			hasScannedForEncodings = 0;
			knownRegions = (
				en,
				Base,
			);
			mainGroup = 669731B324852F6900520067;
			productRefGroup = 669731BD24852F6900520067 /* Products */;
			projectDirPath = "";
			projectRoot = "";
			targets = (
				669731BB24852F6900520067 /* BFer */,
				669731D124852F6A00520067 /* BFerTests */,
				669731DC24852F6A00520067 /* BFerUITests */,
				669731F9248530DD00520067 /* Keyboard */,
			);
		};
/* End PBXProject section */

/* Begin PBXResourcesBuildPhase section */
		669731BA24852F6900520067 /* Resources */ = {
			isa = PBXResourcesBuildPhase;
			buildActionMask = 2147483647;
			files = (
				669731CC24852F6A00520067 /* LaunchScreen.storyboard in Resources */,
				669731F52485302A00520067 /* KeyboardLayoutView.xib in Resources */,
				669731C924852F6A00520067 /* Assets.xcassets in Resources */,
				669731C724852F6900520067 /* Main.storyboard in Resources */,
			);
			runOnlyForDeploymentPostprocessing = 0;
		};
		669731D024852F6A00520067 /* Resources */ = {
			isa = PBXResourcesBuildPhase;
			buildActionMask = 2147483647;
			files = (
			);
			runOnlyForDeploymentPostprocessing = 0;
		};
		669731DB24852F6A00520067 /* Resources */ = {
			isa = PBXResourcesBuildPhase;
			buildActionMask = 2147483647;
			files = (
			);
			runOnlyForDeploymentPostprocessing = 0;
		};
		669731F8248530DD00520067 /* Resources */ = {
			isa = PBXResourcesBuildPhase;
			buildActionMask = 2147483647;
			files = (
				6697320924853A9900520067 /* Assets.xcassets in Resources */,
				66973207248531D300520067 /* KeyboardLayoutView.xib in Resources */,
			);
			runOnlyForDeploymentPostprocessing = 0;
		};
/* End PBXResourcesBuildPhase section */

/* Begin PBXSourcesBuildPhase section */
		669731B824852F6900520067 /* Sources */ = {
			isa = PBXSourcesBuildPhase;
			buildActionMask = 2147483647;
			files = (
				669731C424852F6900520067 /* ViewController.swift in Sources */,
				669731C024852F6900520067 /* AppDelegate.swift in Sources */,
				669731C224852F6900520067 /* SceneDelegate.swift in Sources */,
				669731F42485302A00520067 /* KeyboardLayoutView.swift in Sources */,
				669731F024852FE800520067 /* Extensions.swift in Sources */,
			);
			runOnlyForDeploymentPostprocessing = 0;
		};
		669731CE24852F6A00520067 /* Sources */ = {
			isa = PBXSourcesBuildPhase;
			buildActionMask = 2147483647;
			files = (
				669731D724852F6A00520067 /* BFerTests.swift in Sources */,
			);
			runOnlyForDeploymentPostprocessing = 0;
		};
		669731D924852F6A00520067 /* Sources */ = {
			isa = PBXSourcesBuildPhase;
			buildActionMask = 2147483647;
			files = (
				669731E224852F6A00520067 /* BFerUITests.swift in Sources */,
			);
			runOnlyForDeploymentPostprocessing = 0;
		};
		669731F6248530DD00520067 /* Sources */ = {
			isa = PBXSourcesBuildPhase;
			buildActionMask = 2147483647;
			files = (
				669731FD248530DD00520067 /* KeyboardViewController.swift in Sources */,
				66973208248531D700520067 /* Extensions.swift in Sources */,
				66973206248531CF00520067 /* KeyboardLayoutView.swift in Sources */,
			);
			runOnlyForDeploymentPostprocessing = 0;
		};
/* End PBXSourcesBuildPhase section */

/* Begin PBXTargetDependency section */
		669731D424852F6A00520067 /* PBXTargetDependency */ = {
			isa = PBXTargetDependency;
			target = 669731BB24852F6900520067 /* BFer */;
			targetProxy = 669731D324852F6A00520067 /* PBXContainerItemProxy */;
		};
		669731DF24852F6A00520067 /* PBXTargetDependency */ = {
			isa = PBXTargetDependency;
			target = 669731BB24852F6900520067 /* BFer */;
			targetProxy = 669731DE24852F6A00520067 /* PBXContainerItemProxy */;
		};
		66973200248530DD00520067 /* PBXTargetDependency */ = {
			isa = PBXTargetDependency;
			target = 669731F9248530DD00520067 /* Keyboard */;
			targetProxy = 669731FF248530DD00520067 /* PBXContainerItemProxy */;
		};
/* End PBXTargetDependency section */

/* Begin PBXVariantGroup section */
		669731C524852F6900520067 /* Main.storyboard */ = {
			isa = PBXVariantGroup;
			children = (
				669731C624852F6900520067 /* Base */,
			);
			name = Main.storyboard;
			sourceTree = "<group>";
		};
		669731CA24852F6A00520067 /* LaunchScreen.storyboard */ = {
			isa = PBXVariantGroup;
			children = (
				669731CB24852F6A00520067 /* Base */,
			);
			name = LaunchScreen.storyboard;
			sourceTree = "<group>";
		};
/* End PBXVariantGroup section */

/* Begin XCBuildConfiguration section */
		669731E424852F6B00520067 /* Debug */ = {
			isa = XCBuildConfiguration;
			buildSettings = {
				ALWAYS_SEARCH_USER_PATHS = NO;
				CLANG_ANALYZER_NONNULL = YES;
				CLANG_ANALYZER_NUMBER_OBJECT_CONVERSION = YES_AGGRESSIVE;
				CLANG_CXX_LANGUAGE_STANDARD = "gnu++14";
				CLANG_CXX_LIBRARY = "libc++";
				CLANG_ENABLE_MODULES = YES;
				CLANG_ENABLE_OBJC_ARC = YES;
				CLANG_ENABLE_OBJC_WEAK = YES;
				CLANG_WARN_BLOCK_CAPTURE_AUTORELEASING = YES;
				CLANG_WARN_BOOL_CONVERSION = YES;
				CLANG_WARN_COMMA = YES;
				CLANG_WARN_CONSTANT_CONVERSION = YES;
				CLANG_WARN_DEPRECATED_OBJC_IMPLEMENTATIONS = YES;
				CLANG_WARN_DIRECT_OBJC_ISA_USAGE = YES_ERROR;
				CLANG_WARN_DOCUMENTATION_COMMENTS = YES;
				CLANG_WARN_EMPTY_BODY = YES;
				CLANG_WARN_ENUM_CONVERSION = YES;
				CLANG_WARN_INFINITE_RECURSION = YES;
				CLANG_WARN_INT_CONVERSION = YES;
				CLANG_WARN_NON_LITERAL_NULL_CONVERSION = YES;
				CLANG_WARN_OBJC_IMPLICIT_RETAIN_SELF = YES;
				CLANG_WARN_OBJC_LITERAL_CONVERSION = YES;
				CLANG_WARN_OBJC_ROOT_CLASS = YES_ERROR;
				CLANG_WARN_RANGE_LOOP_ANALYSIS = YES;
				CLANG_WARN_STRICT_PROTOTYPES = YES;
				CLANG_WARN_SUSPICIOUS_MOVE = YES;
				CLANG_WARN_UNGUARDED_AVAILABILITY = YES_AGGRESSIVE;
				CLANG_WARN_UNREACHABLE_CODE = YES;
				CLANG_WARN__DUPLICATE_METHOD_MATCH = YES;
				COPY_PHASE_STRIP = NO;
				DEBUG_INFORMATION_FORMAT = dwarf;
				ENABLE_STRICT_OBJC_MSGSEND = YES;
				ENABLE_TESTABILITY = YES;
				GCC_C_LANGUAGE_STANDARD = gnu11;
				GCC_DYNAMIC_NO_PIC = NO;
				GCC_NO_COMMON_BLOCKS = YES;
				GCC_OPTIMIZATION_LEVEL = 0;
				GCC_PREPROCESSOR_DEFINITIONS = (
					"DEBUG=1",
					"$(inherited)",
				);
				GCC_WARN_64_TO_32_BIT_CONVERSION = YES;
				GCC_WARN_ABOUT_RETURN_TYPE = YES_ERROR;
				GCC_WARN_UNDECLARED_SELECTOR = YES;
				GCC_WARN_UNINITIALIZED_AUTOS = YES_AGGRESSIVE;
				GCC_WARN_UNUSED_FUNCTION = YES;
				GCC_WARN_UNUSED_VARIABLE = YES;
				IPHONEOS_DEPLOYMENT_TARGET = 13.4;
				MTL_ENABLE_DEBUG_INFO = INCLUDE_SOURCE;
				MTL_FAST_MATH = YES;
				ONLY_ACTIVE_ARCH = YES;
				SDKROOT = iphoneos;
				SWIFT_ACTIVE_COMPILATION_CONDITIONS = DEBUG;
				SWIFT_OPTIMIZATION_LEVEL = "-Onone";
			};
			name = Debug;
		};
		669731E524852F6B00520067 /* Release */ = {
			isa = XCBuildConfiguration;
			buildSettings = {
				ALWAYS_SEARCH_USER_PATHS = NO;
				CLANG_ANALYZER_NONNULL = YES;
				CLANG_ANALYZER_NUMBER_OBJECT_CONVERSION = YES_AGGRESSIVE;
				CLANG_CXX_LANGUAGE_STANDARD = "gnu++14";
				CLANG_CXX_LIBRARY = "libc++";
				CLANG_ENABLE_MODULES = YES;
				CLANG_ENABLE_OBJC_ARC = YES;
				CLANG_ENABLE_OBJC_WEAK = YES;
				CLANG_WARN_BLOCK_CAPTURE_AUTORELEASING = YES;
				CLANG_WARN_BOOL_CONVERSION = YES;
				CLANG_WARN_COMMA = YES;
				CLANG_WARN_CONSTANT_CONVERSION = YES;
				CLANG_WARN_DEPRECATED_OBJC_IMPLEMENTATIONS = YES;
				CLANG_WARN_DIRECT_OBJC_ISA_USAGE = YES_ERROR;
				CLANG_WARN_DOCUMENTATION_COMMENTS = YES;
				CLANG_WARN_EMPTY_BODY = YES;
				CLANG_WARN_ENUM_CONVERSION = YES;
				CLANG_WARN_INFINITE_RECURSION = YES;
				CLANG_WARN_INT_CONVERSION = YES;
				CLANG_WARN_NON_LITERAL_NULL_CONVERSION = YES;
				CLANG_WARN_OBJC_IMPLICIT_RETAIN_SELF = YES;
				CLANG_WARN_OBJC_LITERAL_CONVERSION = YES;
				CLANG_WARN_OBJC_ROOT_CLASS = YES_ERROR;
				CLANG_WARN_RANGE_LOOP_ANALYSIS = YES;
				CLANG_WARN_STRICT_PROTOTYPES = YES;
				CLANG_WARN_SUSPICIOUS_MOVE = YES;
				CLANG_WARN_UNGUARDED_AVAILABILITY = YES_AGGRESSIVE;
				CLANG_WARN_UNREACHABLE_CODE = YES;
				CLANG_WARN__DUPLICATE_METHOD_MATCH = YES;
				COPY_PHASE_STRIP = NO;
				DEBUG_INFORMATION_FORMAT = "dwarf-with-dsym";
				ENABLE_NS_ASSERTIONS = NO;
				ENABLE_STRICT_OBJC_MSGSEND = YES;
				GCC_C_LANGUAGE_STANDARD = gnu11;
				GCC_NO_COMMON_BLOCKS = YES;
				GCC_WARN_64_TO_32_BIT_CONVERSION = YES;
				GCC_WARN_ABOUT_RETURN_TYPE = YES_ERROR;
				GCC_WARN_UNDECLARED_SELECTOR = YES;
				GCC_WARN_UNINITIALIZED_AUTOS = YES_AGGRESSIVE;
				GCC_WARN_UNUSED_FUNCTION = YES;
				GCC_WARN_UNUSED_VARIABLE = YES;
				IPHONEOS_DEPLOYMENT_TARGET = 13.4;
				MTL_ENABLE_DEBUG_INFO = NO;
				MTL_FAST_MATH = YES;
				SDKROOT = iphoneos;
				SWIFT_COMPILATION_MODE = wholemodule;
				SWIFT_OPTIMIZATION_LEVEL = "-O";
				VALIDATE_PRODUCT = YES;
			};
			name = Release;
		};
		669731E724852F6B00520067 /* Debug */ = {
			isa = XCBuildConfiguration;
			buildSettings = {
				ALWAYS_EMBED_SWIFT_STANDARD_LIBRARIES = YES;
				ASSETCATALOG_COMPILER_APPICON_NAME = AppIcon;
				CODE_SIGN_ENTITLEMENTS = BFer/BFer.entitlements;
				CODE_SIGN_STYLE = Automatic;
				DEVELOPMENT_TEAM = 339P82ZNV5;
				INFOPLIST_FILE = BFer/Info.plist;
				LD_RUNPATH_SEARCH_PATHS = (
					"$(inherited)",
					"@executable_path/Frameworks",
				);
				PRODUCT_BUNDLE_IDENTIFIER = dev.eita.BFer;
				PRODUCT_NAME = "$(TARGET_NAME)";
				SWIFT_VERSION = 5.0;
				TARGETED_DEVICE_FAMILY = "1,2";
			};
			name = Debug;
		};
		669731E824852F6B00520067 /* Release */ = {
			isa = XCBuildConfiguration;
			buildSettings = {
				ALWAYS_EMBED_SWIFT_STANDARD_LIBRARIES = YES;
				ASSETCATALOG_COMPILER_APPICON_NAME = AppIcon;
				CODE_SIGN_ENTITLEMENTS = BFer/BFer.entitlements;
				CODE_SIGN_STYLE = Automatic;
				DEVELOPMENT_TEAM = 339P82ZNV5;
				INFOPLIST_FILE = BFer/Info.plist;
				LD_RUNPATH_SEARCH_PATHS = (
					"$(inherited)",
					"@executable_path/Frameworks",
				);
				PRODUCT_BUNDLE_IDENTIFIER = dev.eita.BFer;
				PRODUCT_NAME = "$(TARGET_NAME)";
				SWIFT_VERSION = 5.0;
				TARGETED_DEVICE_FAMILY = "1,2";
			};
			name = Release;
		};
		669731EA24852F6B00520067 /* Debug */ = {
			isa = XCBuildConfiguration;
			buildSettings = {
				ALWAYS_EMBED_SWIFT_STANDARD_LIBRARIES = YES;
				BUNDLE_LOADER = "$(TEST_HOST)";
				CODE_SIGN_STYLE = Automatic;
				DEVELOPMENT_TEAM = 339P82ZNV5;
				INFOPLIST_FILE = BFerTests/Info.plist;
				IPHONEOS_DEPLOYMENT_TARGET = 13.4;
				LD_RUNPATH_SEARCH_PATHS = (
					"$(inherited)",
					"@executable_path/Frameworks",
					"@loader_path/Frameworks",
				);
				PRODUCT_BUNDLE_IDENTIFIER = dev.eita.BFerTests;
				PRODUCT_NAME = "$(TARGET_NAME)";
				SWIFT_VERSION = 5.0;
				TARGETED_DEVICE_FAMILY = "1,2";
				TEST_HOST = "$(BUILT_PRODUCTS_DIR)/BFer.app/BFer";
			};
			name = Debug;
		};
		669731EB24852F6B00520067 /* Release */ = {
			isa = XCBuildConfiguration;
			buildSettings = {
				ALWAYS_EMBED_SWIFT_STANDARD_LIBRARIES = YES;
				BUNDLE_LOADER = "$(TEST_HOST)";
				CODE_SIGN_STYLE = Automatic;
				DEVELOPMENT_TEAM = 339P82ZNV5;
				INFOPLIST_FILE = BFerTests/Info.plist;
				IPHONEOS_DEPLOYMENT_TARGET = 13.4;
				LD_RUNPATH_SEARCH_PATHS = (
					"$(inherited)",
					"@executable_path/Frameworks",
					"@loader_path/Frameworks",
				);
				PRODUCT_BUNDLE_IDENTIFIER = dev.eita.BFerTests;
				PRODUCT_NAME = "$(TARGET_NAME)";
				SWIFT_VERSION = 5.0;
				TARGETED_DEVICE_FAMILY = "1,2";
				TEST_HOST = "$(BUILT_PRODUCTS_DIR)/BFer.app/BFer";
			};
			name = Release;
		};
		669731ED24852F6B00520067 /* Debug */ = {
			isa = XCBuildConfiguration;
			buildSettings = {
				ALWAYS_EMBED_SWIFT_STANDARD_LIBRARIES = YES;
				CODE_SIGN_STYLE = Automatic;
				DEVELOPMENT_TEAM = 339P82ZNV5;
				INFOPLIST_FILE = BFerUITests/Info.plist;
				LD_RUNPATH_SEARCH_PATHS = (
					"$(inherited)",
					"@executable_path/Frameworks",
					"@loader_path/Frameworks",
				);
				PRODUCT_BUNDLE_IDENTIFIER = dev.eita.BFerUITests;
				PRODUCT_NAME = "$(TARGET_NAME)";
				SWIFT_VERSION = 5.0;
				TARGETED_DEVICE_FAMILY = "1,2";
				TEST_TARGET_NAME = BFer;
			};
			name = Debug;
		};
		669731EE24852F6B00520067 /* Release */ = {
			isa = XCBuildConfiguration;
			buildSettings = {
				ALWAYS_EMBED_SWIFT_STANDARD_LIBRARIES = YES;
				CODE_SIGN_STYLE = Automatic;
				DEVELOPMENT_TEAM = 339P82ZNV5;
				INFOPLIST_FILE = BFerUITests/Info.plist;
				LD_RUNPATH_SEARCH_PATHS = (
					"$(inherited)",
					"@executable_path/Frameworks",
					"@loader_path/Frameworks",
				);
				PRODUCT_BUNDLE_IDENTIFIER = dev.eita.BFerUITests;
				PRODUCT_NAME = "$(TARGET_NAME)";
				SWIFT_VERSION = 5.0;
				TARGETED_DEVICE_FAMILY = "1,2";
				TEST_TARGET_NAME = BFer;
			};
			name = Release;
		};
		66973203248530DE00520067 /* Debug */ = {
			isa = XCBuildConfiguration;
			buildSettings = {
				CODE_SIGN_STYLE = Automatic;
				DEVELOPMENT_TEAM = 339P82ZNV5;
				INFOPLIST_FILE = Keyboard/Info.plist;
				LD_RUNPATH_SEARCH_PATHS = (
					"$(inherited)",
					"@executable_path/Frameworks",
					"@executable_path/../../Frameworks",
				);
				PRODUCT_BUNDLE_IDENTIFIER = dev.eita.BFer.Keyboard;
				PRODUCT_NAME = "$(TARGET_NAME)";
				SKIP_INSTALL = YES;
				SWIFT_VERSION = 5.0;
				TARGETED_DEVICE_FAMILY = "1,2";
			};
			name = Debug;
		};
		66973204248530DE00520067 /* Release */ = {
			isa = XCBuildConfiguration;
			buildSettings = {
				CODE_SIGN_STYLE = Automatic;
				DEVELOPMENT_TEAM = 339P82ZNV5;
				INFOPLIST_FILE = Keyboard/Info.plist;
				LD_RUNPATH_SEARCH_PATHS = (
					"$(inherited)",
					"@executable_path/Frameworks",
					"@executable_path/../../Frameworks",
				);
				PRODUCT_BUNDLE_IDENTIFIER = dev.eita.BFer.Keyboard;
				PRODUCT_NAME = "$(TARGET_NAME)";
				SKIP_INSTALL = YES;
				SWIFT_VERSION = 5.0;
				TARGETED_DEVICE_FAMILY = "1,2";
			};
			name = Release;
		};
/* End XCBuildConfiguration section */

/* Begin XCConfigurationList section */
		669731B724852F6900520067 /* Build configuration list for PBXProject "BFer" */ = {
			isa = XCConfigurationList;
			buildConfigurations = (
				669731E424852F6B00520067 /* Debug */,
				669731E524852F6B00520067 /* Release */,
			);
			defaultConfigurationIsVisible = 0;
			defaultConfigurationName = Release;
		};
		669731E624852F6B00520067 /* Build configuration list for PBXNativeTarget "BFer" */ = {
			isa = XCConfigurationList;
			buildConfigurations = (
				669731E724852F6B00520067 /* Debug */,
				669731E824852F6B00520067 /* Release */,
			);
			defaultConfigurationIsVisible = 0;
			defaultConfigurationName = Release;
		};
		669731E924852F6B00520067 /* Build configuration list for PBXNativeTarget "BFerTests" */ = {
			isa = XCConfigurationList;
			buildConfigurations = (
				669731EA24852F6B00520067 /* Debug */,
				669731EB24852F6B00520067 /* Release */,
			);
			defaultConfigurationIsVisible = 0;
			defaultConfigurationName = Release;
		};
		669731EC24852F6B00520067 /* Build configuration list for PBXNativeTarget "BFerUITests" */ = {
			isa = XCConfigurationList;
			buildConfigurations = (
				669731ED24852F6B00520067 /* Debug */,
				669731EE24852F6B00520067 /* Release */,
			);
			defaultConfigurationIsVisible = 0;
			defaultConfigurationName = Release;
		};
		66973202248530DE00520067 /* Build configuration list for PBXNativeTarget "Keyboard" */ = {
			isa = XCConfigurationList;
			buildConfigurations = (
				66973203248530DE00520067 /* Debug */,
				66973204248530DE00520067 /* Release */,
			);
			defaultConfigurationIsVisible = 0;
			defaultConfigurationName = Release;
		};
/* End XCConfigurationList section */
	};
	rootObject = 669731B424852F6900520067 /* Project object */;
}
